
Microsoft Visual Studio Solution File, Format Version 12.00
# Visual Studio Version 17
VisualStudioVersion = 17.1.31911.260
MinimumVisualStudioVersion = 10.0.40219.1
Project("{9A19103F-16F7-4668-BE54-9A1E7A4F7556}") = "Sanara", "Sanara\Sanara.csproj", "{07E5CE22-1AC3-4CEF-9E2D-4F26EFDB5239}"
EndProject
Project("{9A19103F-16F7-4668-BE54-9A1E7A4F7556}") = "Sanara.UnitTests", "Sanara.UnitTests\Sanara.UnitTests.csproj", "{0B7B0557-8AF0-4C23-B163-027F12990F4B}"
EndProject
Project("{FAE04EC0-301F-11D3-BF4B-00C04F79EFBC}") = "Sanara.Help", "Sanara.Help\Sanara.Help.csproj", "{1A60E82A-F9E5-4223-AC88-A4D67DD21CD8}"
EndProject
Global
	GlobalSection(SolutionConfigurationPlatforms) = preSolution
		Debug|Any CPU = Debug|Any CPU
		Release|Any CPU = Release|Any CPU
	EndGlobalSection
	GlobalSection(ProjectConfigurationPlatforms) = postSolution
		{07E5CE22-1AC3-4CEF-9E2D-4F26EFDB5239}.Debug|Any CPU.ActiveCfg = Debug|Any CPU
		{07E5CE22-1AC3-4CEF-9E2D-4F26EFDB5239}.Debug|Any CPU.Build.0 = Debug|Any CPU
		{07E5CE22-1AC3-4CEF-9E2D-4F26EFDB5239}.Release|Any CPU.ActiveCfg = Release|Any CPU
		{07E5CE22-1AC3-4CEF-9E2D-4F26EFDB5239}.Release|Any CPU.Build.0 = Release|Any CPU
		{0B7B0557-8AF0-4C23-B163-027F12990F4B}.Debug|Any CPU.ActiveCfg = Debug|Any CPU
		{0B7B0557-8AF0-4C23-B163-027F12990F4B}.Debug|Any CPU.Build.0 = Debug|Any CPU
		{0B7B0557-8AF0-4C23-B163-027F12990F4B}.Release|Any CPU.ActiveCfg = Release|Any CPU
		{0B7B0557-8AF0-4C23-B163-027F12990F4B}.Release|Any CPU.Build.0 = Release|Any CPU
		{1A60E82A-F9E5-4223-AC88-A4D67DD21CD8}.Debug|Any CPU.ActiveCfg = Debug|Any CPU
		{1A60E82A-F9E5-4223-AC88-A4D67DD21CD8}.Debug|Any CPU.Build.0 = Debug|Any CPU
		{1A60E82A-F9E5-4223-AC88-A4D67DD21CD8}.Release|Any CPU.ActiveCfg = Release|Any CPU
		{1A60E82A-F9E5-4223-AC88-A4D67DD21CD8}.Release|Any CPU.Build.0 = Release|Any CPU
	EndGlobalSection
	GlobalSection(SolutionProperties) = preSolution
		HideSolutionNode = FALSE
	EndGlobalSection
	GlobalSection(ExtensibilityGlobals) = postSolution
		SolutionGuid = {A198E2A5-02CB-41B9-8A13-986868010E1E}
	EndGlobalSection
EndGlobal
